// !$*UTF8*$!
{
	archiveVersion = 1;
	classes = {
	};
	objectVersion = 56;
	objects = {

/* Begin PBXBuildFile section */
		76242DCD29D08B6600D7657C /* Location.swift in Sources */ = {isa = PBXBuildFile; fileRef = 76242DCC29D08B6600D7657C /* Location.swift */; };
		76242DCF29D08D1E00D7657C /* Weather.swift in Sources */ = {isa = PBXBuildFile; fileRef = 76242DCE29D08D1E00D7657C /* Weather.swift */; };
		76242DD129D08E7600D7657C /* WeatherModels.swift in Sources */ = {isa = PBXBuildFile; fileRef = 76242DD029D08E7600D7657C /* WeatherModels.swift */; };
		76242DD329D09B6E00D7657C /* AddLocationViewController.swift in Sources */ = {isa = PBXBuildFile; fileRef = 76242DD229D09B6E00D7657C /* AddLocationViewController.swift */; };
		76363C1729D22C7C00E67A9E /* DetailViewController.swift in Sources */ = {isa = PBXBuildFile; fileRef = 76363C1629D22C7C00E67A9E /* DetailViewController.swift */; };
		768C867C29CF6CAE00BE0A00 /* LocationModel.swift in Sources */ = {isa = PBXBuildFile; fileRef = 768C867B29CF6CAE00BE0A00 /* LocationModel.swift */; };
		76C8B60629CB8C9B00FBF851 /* AppDelegate.swift in Sources */ = {isa = PBXBuildFile; fileRef = 76C8B60529CB8C9B00FBF851 /* AppDelegate.swift */; };
		76C8B60829CB8C9B00FBF851 /* SceneDelegate.swift in Sources */ = {isa = PBXBuildFile; fileRef = 76C8B60729CB8C9B00FBF851 /* SceneDelegate.swift */; };
		76C8B60A29CB8C9B00FBF851 /* ViewController.swift in Sources */ = {isa = PBXBuildFile; fileRef = 76C8B60929CB8C9B00FBF851 /* ViewController.swift */; };
		76C8B60D29CB8C9B00FBF851 /* Main.storyboard in Resources */ = {isa = PBXBuildFile; fileRef = 76C8B60B29CB8C9B00FBF851 /* Main.storyboard */; };
		76C8B60F29CB8C9C00FBF851 /* Assets.xcassets in Resources */ = {isa = PBXBuildFile; fileRef = 76C8B60E29CB8C9C00FBF851 /* Assets.xcassets */; };
		76C8B61229CB8C9C00FBF851 /* LaunchScreen.storyboard in Resources */ = {isa = PBXBuildFile; fileRef = 76C8B61029CB8C9C00FBF851 /* LaunchScreen.storyboard */; };
/* End PBXBuildFile section */

/* Begin PBXFileReference section */
		76242DCC29D08B6600D7657C /* Location.swift */ = {isa = PBXFileReference; lastKnownFileType = sourcecode.swift; path = Location.swift; sourceTree = "<group>"; };
		76242DCE29D08D1E00D7657C /* Weather.swift */ = {isa = PBXFileReference; lastKnownFileType = sourcecode.swift; path = Weather.swift; sourceTree = "<group>"; };
		76242DD029D08E7600D7657C /* WeatherModels.swift */ = {isa = PBXFileReference; lastKnownFileType = sourcecode.swift; path = WeatherModels.swift; sourceTree = "<group>"; };
		76242DD229D09B6E00D7657C /* AddLocationViewController.swift */ = {isa = PBXFileReference; lastKnownFileType = sourcecode.swift; path = AddLocationViewController.swift; sourceTree = "<group>"; };
		76363C1629D22C7C00E67A9E /* DetailViewController.swift */ = {isa = PBXFileReference; lastKnownFileType = sourcecode.swift; path = DetailViewController.swift; sourceTree = "<group>"; };
		768C867B29CF6CAE00BE0A00 /* LocationModel.swift */ = {isa = PBXFileReference; lastKnownFileType = sourcecode.swift; path = LocationModel.swift; sourceTree = "<group>"; };
		76C8B60229CB8C9B00FBF851 /* weather.app */ = {isa = PBXFileReference; explicitFileType = wrapper.application; includeInIndex = 0; path = weather.app; sourceTree = BUILT_PRODUCTS_DIR; };
		76C8B60529CB8C9B00FBF851 /* AppDelegate.swift */ = {isa = PBXFileReference; lastKnownFileType = sourcecode.swift; path = AppDelegate.swift; sourceTree = "<group>"; };
		76C8B60729CB8C9B00FBF851 /* SceneDelegate.swift */ = {isa = PBXFileReference; lastKnownFileType = sourcecode.swift; path = SceneDelegate.swift; sourceTree = "<group>"; };
		76C8B60929CB8C9B00FBF851 /* ViewController.swift */ = {isa = PBXFileReference; lastKnownFileType = sourcecode.swift; path = ViewController.swift; sourceTree = "<group>"; };
		76C8B60C29CB8C9B00FBF851 /* Base */ = {isa = PBXFileReference; lastKnownFileType = file.storyboard; name = Base; path = Base.lproj/Main.storyboard; sourceTree = "<group>"; };
		76C8B60E29CB8C9C00FBF851 /* Assets.xcassets */ = {isa = PBXFileReference; lastKnownFileType = folder.assetcatalog; path = Assets.xcassets; sourceTree = "<group>"; };
		76C8B61129CB8C9C00FBF851 /* Base */ = {isa = PBXFileReference; lastKnownFileType = file.storyboard; name = Base; path = Base.lproj/LaunchScreen.storyboard; sourceTree = "<group>"; };
		76C8B61329CB8C9C00FBF851 /* Info.plist */ = {isa = PBXFileReference; lastKnownFileType = text.plist.xml; path = Info.plist; sourceTree = "<group>"; };
/* End PBXFileReference section */

/* Begin PBXFrameworksBuildPhase section */
		76C8B5FF29CB8C9B00FBF851 /* Frameworks */ = {
			isa = PBXFrameworksBuildPhase;
			buildActionMask = 2147483647;
			files = (
			);
			runOnlyForDeploymentPostprocessing = 0;
		};
/* End PBXFrameworksBuildPhase section */

/* Begin PBXGroup section */
		76C8B5F929CB8C9B00FBF851 = {
			isa = PBXGroup;
			children = (
				76C8B60429CB8C9B00FBF851 /* weather */,
				76C8B60329CB8C9B00FBF851 /* Products */,
			);
			sourceTree = "<group>";
		};
		76C8B60329CB8C9B00FBF851 /* Products */ = {
			isa = PBXGroup;
			children = (
				76C8B60229CB8C9B00FBF851 /* weather.app */,
			);
			name = Products;
			sourceTree = "<group>";
		};
		76C8B60429CB8C9B00FBF851 /* weather */ = {
			isa = PBXGroup;
			children = (
				76C8B61329CB8C9C00FBF851 /* Info.plist */,
				76242DD229D09B6E00D7657C /* AddLocationViewController.swift */,
				76C8B60529CB8C9B00FBF851 /* AppDelegate.swift */,
				76363C1629D22C7C00E67A9E /* DetailViewController.swift */,
				76242DCC29D08B6600D7657C /* Location.swift */,
				768C867B29CF6CAE00BE0A00 /* LocationModel.swift */,
				76C8B60729CB8C9B00FBF851 /* SceneDelegate.swift */,
				76C8B60929CB8C9B00FBF851 /* ViewController.swift */,
				76242DCE29D08D1E00D7657C /* Weather.swift */,
				76242DD029D08E7600D7657C /* WeatherModels.swift */,
				76C8B60E29CB8C9C00FBF851 /* Assets.xcassets */,
				76C8B61029CB8C9C00FBF851 /* LaunchScreen.storyboard */,
				76C8B60B29CB8C9B00FBF851 /* Main.storyboard */,
			);
			path = weather;
			sourceTree = "<group>";
		};
/* End PBXGroup section */

/* Begin PBXNativeTarget section */
		76C8B60129CB8C9B00FBF851 /* weather */ = {
			isa = PBXNativeTarget;
			buildConfigurationList = 76C8B61629CB8C9C00FBF851 /* Build configuration list for PBXNativeTarget "weather" */;
			buildPhases = (
				76C8B5FE29CB8C9B00FBF851 /* Sources */,
				76C8B5FF29CB8C9B00FBF851 /* Frameworks */,
				76C8B60029CB8C9B00FBF851 /* Resources */,
			);
			buildRules = (
			);
			dependencies = (
			);
			name = weather;
			productName = weather;
			productReference = 76C8B60229CB8C9B00FBF851 /* weather.app */;
			productType = "com.apple.product-type.application";
		};
/* End PBXNativeTarget section */

/* Begin PBXProject section */
		76C8B5FA29CB8C9B00FBF851 /* Project object */ = {
			isa = PBXProject;
			attributes = {
				BuildIndependentTargetsInParallel = 1;
				LastSwiftUpdateCheck = 1420;
				LastUpgradeCheck = 1420;
				TargetAttributes = {
					76C8B60129CB8C9B00FBF851 = {
						CreatedOnToolsVersion = 14.2;
					};
				};
			};
			buildConfigurationList = 76C8B5FD29CB8C9B00FBF851 /* Build configuration list for PBXProject "weather" */;
			compatibilityVersion = "Xcode 14.0";
			developmentRegion = en;
			hasScannedForEncodings = 0;
			knownRegions = (
				en,
				Base,
			);
			mainGroup = 76C8B5F929CB8C9B00FBF851;
			productRefGroup = 76C8B60329CB8C9B00FBF851 /* Products */;
			projectDirPath = "";
			projectRoot = "";
			targets = (
				76C8B60129CB8C9B00FBF851 /* weather */,
			);
		};
/* End PBXProject section */

/* Begin PBXResourcesBuildPhase section */
		76C8B60029CB8C9B00FBF851 /* Resources */ = {
			isa = PBXResourcesBuildPhase;
			buildActionMask = 2147483647;
			files = (
				76C8B61229CB8C9C00FBF851 /* LaunchScreen.storyboard in Resources */,
				76C8B60F29CB8C9C00FBF851 /* Assets.xcassets in Resources */,
				76C8B60D29CB8C9B00FBF851 /* Main.storyboard in Resources */,
			);
			runOnlyForDeploymentPostprocessing = 0;
		};
/* End PBXResourcesBuildPhase section */

/* Begin PBXSourcesBuildPhase section */
		76C8B5FE29CB8C9B00FBF851 /* Sources */ = {
			isa = PBXSourcesBuildPhase;
			buildActionMask = 2147483647;
			files = (
				76363C1729D22C7C00E67A9E /* DetailViewController.swift in Sources */,
				768C867C29CF6CAE00BE0A00 /* LocationModel.swift in Sources */,
				76242DD129D08E7600D7657C /* WeatherModels.swift in Sources */,
				76C8B60A29CB8C9B00FBF851 /* ViewController.swift in Sources */,
				76242DD329D09B6E00D7657C /* AddLocationViewController.swift in Sources */,
				76242DCD29D08B6600D7657C /* Location.swift in Sources */,
				76C8B60629CB8C9B00FBF851 /* AppDelegate.swift in Sources */,
				76242DCF29D08D1E00D7657C /* Weather.swift in Sources */,
				76C8B60829CB8C9B00FBF851 /* SceneDelegate.swift in Sources */,
			);
			runOnlyForDeploymentPostprocessing = 0;
		};
/* End PBXSourcesBuildPhase section */

/* Begin PBXVariantGroup section */
		76C8B60B29CB8C9B00FBF851 /* Main.storyboard */ = {
			isa = PBXVariantGroup;
			children = (
				76C8B60C29CB8C9B00FBF851 /* Base */,
			);
			name = Main.storyboard;
			sourceTree = "<group>";
		};
		76C8B61029CB8C9C00FBF851 /* LaunchScreen.storyboard */ = {
			isa = PBXVariantGroup;
			children = (
				76C8B61129CB8C9C00FBF851 /* Base */,
			);
			name = LaunchScreen.storyboard;
			sourceTree = "<group>";
		};
/* End PBXVariantGroup section */

/* Begin XCBuildConfiguration section */
		76C8B61429CB8C9C00FBF851 /* Debug */ = {
			isa = XCBuildConfiguration;
			buildSettings = {
				ALWAYS_SEARCH_USER_PATHS = NO;
				CLANG_ANALYZER_NONNULL = YES;
				CLANG_ANALYZER_NUMBER_OBJECT_CONVERSION = YES_AGGRESSIVE;
				CLANG_CXX_LANGUAGE_STANDARD = "gnu++20";
				CLANG_ENABLE_MODULES = YES;
				CLANG_ENABLE_OBJC_ARC = YES;
				CLANG_ENABLE_OBJC_WEAK = YES;
				CLANG_WARN_BLOCK_CAPTURE_AUTORELEASING = YES;
				CLANG_WARN_BOOL_CONVERSION = YES;
				CLANG_WARN_COMMA = YES;
				CLANG_WARN_CONSTANT_CONVERSION = YES;
				CLANG_WARN_DEPRECATED_OBJC_IMPLEMENTATIONS = YES;
				CLANG_WARN_DIRECT_OBJC_ISA_USAGE = YES_ERROR;
				CLANG_WARN_DOCUMENTATION_COMMENTS = YES;
				CLANG_WARN_EMPTY_BODY = YES;
				CLANG_WARN_ENUM_CONVERSION = YES;
				CLANG_WARN_INFINITE_RECURSION = YES;
				CLANG_WARN_INT_CONVERSION = YES;
				CLANG_WARN_NON_LITERAL_NULL_CONVERSION = YES;
				CLANG_WARN_OBJC_IMPLICIT_RETAIN_SELF = YES;
				CLANG_WARN_OBJC_LITERAL_CONVERSION = YES;
				CLANG_WARN_OBJC_ROOT_CLASS = YES_ERROR;
				CLANG_WARN_QUOTED_INCLUDE_IN_FRAMEWORK_HEADER = YES;
				CLANG_WARN_RANGE_LOOP_ANALYSIS = YES;
				CLANG_WARN_STRICT_PROTOTYPES = YES;
				CLANG_WARN_SUSPICIOUS_MOVE = YES;
				CLANG_WARN_UNGUARDED_AVAILABILITY = YES_AGGRESSIVE;
				CLANG_WARN_UNREACHABLE_CODE = YES;
				CLANG_WARN__DUPLICATE_METHOD_MATCH = YES;
				COPY_PHASE_STRIP = NO;
				DEBUG_INFORMATION_FORMAT = dwarf;
				ENABLE_STRICT_OBJC_MSGSEND = YES;
				ENABLE_TESTABILITY = YES;
				GCC_C_LANGUAGE_STANDARD = gnu11;
				GCC_DYNAMIC_NO_PIC = NO;
				GCC_NO_COMMON_BLOCKS = YES;
				GCC_OPTIMIZATION_LEVEL = 0;
				GCC_PREPROCESSOR_DEFINITIONS = (
					"DEBUG=1",
					"$(inherited)",
				);
				GCC_WARN_64_TO_32_BIT_CONVERSION = YES;
				GCC_WARN_ABOUT_RETURN_TYPE = YES_ERROR;
				GCC_WARN_UNDECLARED_SELECTOR = YES;
				GCC_WARN_UNINITIALIZED_AUTOS = YES_AGGRESSIVE;
				GCC_WARN_UNUSED_FUNCTION = YES;
				GCC_WARN_UNUSED_VARIABLE = YES;
				IPHONEOS_DEPLOYMENT_TARGET = 16.2;
				MTL_ENABLE_DEBUG_INFO = INCLUDE_SOURCE;
				MTL_FAST_MATH = YES;
				ONLY_ACTIVE_ARCH = YES;
				SDKROOT = iphoneos;
				SWIFT_ACTIVE_COMPILATION_CONDITIONS = DEBUG;
				SWIFT_OPTIMIZATION_LEVEL = "-Onone";
			};
			name = Debug;
		};
		76C8B61529CB8C9C00FBF851 /* Release */ = {
			isa = XCBuildConfiguration;
			buildSettings = {
				ALWAYS_SEARCH_USER_PATHS = NO;
				CLANG_ANALYZER_NONNULL = YES;
				CLANG_ANALYZER_NUMBER_OBJECT_CONVERSION = YES_AGGRESSIVE;
				CLANG_CXX_LANGUAGE_STANDARD = "gnu++20";
				CLANG_ENABLE_MODULES = YES;
				CLANG_ENABLE_OBJC_ARC = YES;
				CLANG_ENABLE_OBJC_WEAK = YES;
				CLANG_WARN_BLOCK_CAPTURE_AUTORELEASING = YES;
				CLANG_WARN_BOOL_CONVERSION = YES;
				CLANG_WARN_COMMA = YES;
				CLANG_WARN_CONSTANT_CONVERSION = YES;
				CLANG_WARN_DEPRECATED_OBJC_IMPLEMENTATIONS = YES;
				CLANG_WARN_DIRECT_OBJC_ISA_USAGE = YES_ERROR;
				CLANG_WARN_DOCUMENTATION_COMMENTS = YES;
				CLANG_WARN_EMPTY_BODY = YES;
				CLANG_WARN_ENUM_CONVERSION = YES;
				CLANG_WARN_INFINITE_RECURSION = YES;
				CLANG_WARN_INT_CONVERSION = YES;
				CLANG_WARN_NON_LITERAL_NULL_CONVERSION = YES;
				CLANG_WARN_OBJC_IMPLICIT_RETAIN_SELF = YES;
				CLANG_WARN_OBJC_LITERAL_CONVERSION = YES;
				CLANG_WARN_OBJC_ROOT_CLASS = YES_ERROR;
				CLANG_WARN_QUOTED_INCLUDE_IN_FRAMEWORK_HEADER = YES;
				CLANG_WARN_RANGE_LOOP_ANALYSIS = YES;
				CLANG_WARN_STRICT_PROTOTYPES = YES;
				CLANG_WARN_SUSPICIOUS_MOVE = YES;
				CLANG_WARN_UNGUARDED_AVAILABILITY = YES_AGGRESSIVE;
				CLANG_WARN_UNREACHABLE_CODE = YES;
				CLANG_WARN__DUPLICATE_METHOD_MATCH = YES;
				COPY_PHASE_STRIP = NO;
				DEBUG_INFORMATION_FORMAT = "dwarf-with-dsym";
				ENABLE_NS_ASSERTIONS = NO;
				ENABLE_STRICT_OBJC_MSGSEND = YES;
				GCC_C_LANGUAGE_STANDARD = gnu11;
				GCC_NO_COMMON_BLOCKS = YES;
				GCC_WARN_64_TO_32_BIT_CONVERSION = YES;
				GCC_WARN_ABOUT_RETURN_TYPE = YES_ERROR;
				GCC_WARN_UNDECLARED_SELECTOR = YES;
				GCC_WARN_UNINITIALIZED_AUTOS = YES_AGGRESSIVE;
				GCC_WARN_UNUSED_FUNCTION = YES;
				GCC_WARN_UNUSED_VARIABLE = YES;
				IPHONEOS_DEPLOYMENT_TARGET = 16.2;
				MTL_ENABLE_DEBUG_INFO = NO;
				MTL_FAST_MATH = YES;
				SDKROOT = iphoneos;
				SWIFT_COMPILATION_MODE = wholemodule;
				SWIFT_OPTIMIZATION_LEVEL = "-O";
				VALIDATE_PRODUCT = YES;
			};
			name = Release;
		};
		76C8B61729CB8C9C00FBF851 /* Debug */ = {
			isa = XCBuildConfiguration;
			buildSettings = {
				ASSETCATALOG_COMPILER_APPICON_NAME = AppIcon;
				ASSETCATALOG_COMPILER_GLOBAL_ACCENT_COLOR_NAME = AccentColor;
				CODE_SIGN_STYLE = Automatic;
				CURRENT_PROJECT_VERSION = 1;
				GENERATE_INFOPLIST_FILE = YES;
				INFOPLIST_FILE = weather/Info.plist;
				INFOPLIST_KEY_UIApplicationSupportsIndirectInputEvents = YES;
				INFOPLIST_KEY_UILaunchStoryboardName = LaunchScreen;
				INFOPLIST_KEY_UIMainStoryboardFile = Main;
				INFOPLIST_KEY_UISupportedInterfaceOrientations_iPad = "UIInterfaceOrientationPortrait UIInterfaceOrientationPortraitUpsideDown UIInterfaceOrientationLandscapeLeft UIInterfaceOrientationLandscapeRight";
				INFOPLIST_KEY_UISupportedInterfaceOrientations_iPhone = "UIInterfaceOrientationPortrait UIInterfaceOrientationLandscapeLeft UIInterfaceOrientationLandscapeRight";
				LD_RUNPATH_SEARCH_PATHS = (
					"$(inherited)",
					"@executable_path/Frameworks",
				);
				MARKETING_VERSION = 1.0;
				PRODUCT_BUNDLE_IDENTIFIER = com.example.susom.weather;
				PRODUCT_NAME = "$(TARGET_NAME)";
				SWIFT_EMIT_LOC_STRINGS = YES;
				SWIFT_VERSION = 5.0;
				TARGETED_DEVICE_FAMILY = "1,2";
			};
			name = Debug;
		};
		76C8B61829CB8C9C00FBF851 /* Release */ = {
			isa = XCBuildConfiguration;
			buildSettings = {
				ASSETCATALOG_COMPILER_APPICON_NAME = AppIcon;
				ASSETCATALOG_COMPILER_GLOBAL_ACCENT_COLOR_NAME = AccentColor;
				CODE_SIGN_STYLE = Automatic;
				CURRENT_PROJECT_VERSION = 1;
				GENERATE_INFOPLIST_FILE = YES;
				INFOPLIST_FILE = weather/Info.plist;
				INFOPLIST_KEY_UIApplicationSupportsIndirectInputEvents = YES;
				INFOPLIST_KEY_UILaunchStoryboardName = LaunchScreen;
				INFOPLIST_KEY_UIMainStoryboardFile = Main;
				INFOPLIST_KEY_UISupportedInterfaceOrientations_iPad = "UIInterfaceOrientationPortrait UIInterfaceOrientationPortraitUpsideDown UIInterfaceOrientationLandscapeLeft UIInterfaceOrientationLandscapeRight";
				INFOPLIST_KEY_UISupportedInterfaceOrientations_iPhone = "UIInterfaceOrientationPortrait UIInterfaceOrientationLandscapeLeft UIInterfaceOrientationLandscapeRight";
				LD_RUNPATH_SEARCH_PATHS = (
					"$(inherited)",
					"@executable_path/Frameworks",
				);
				MARKETING_VERSION = 1.0;
				PRODUCT_BUNDLE_IDENTIFIER = com.example.susom.weather;
				PRODUCT_NAME = "$(TARGET_NAME)";
				SWIFT_EMIT_LOC_STRINGS = YES;
				SWIFT_VERSION = 5.0;
				TARGETED_DEVICE_FAMILY = "1,2";
			};
			name = Release;
		};
/* End XCBuildConfiguration section */

/* Begin XCConfigurationList section */
		76C8B5FD29CB8C9B00FBF851 /* Build configuration list for PBXProject "weather" */ = {
			isa = XCConfigurationList;
			buildConfigurations = (
				76C8B61429CB8C9C00FBF851 /* Debug */,
				76C8B61529CB8C9C00FBF851 /* Release */,
			);
			defaultConfigurationIsVisible = 0;
			defaultConfigurationName = Release;
		};
		76C8B61629CB8C9C00FBF851 /* Build configuration list for PBXNativeTarget "weather" */ = {
			isa = XCConfigurationList;
			buildConfigurations = (
				76C8B61729CB8C9C00FBF851 /* Debug */,
				76C8B61829CB8C9C00FBF851 /* Release */,
			);
			defaultConfigurationIsVisible = 0;
			defaultConfigurationName = Release;
		};
/* End XCConfigurationList section */
	};
	rootObject = 76C8B5FA29CB8C9B00FBF851 /* Project object */;
}
